
Microsoft Visual Studio Solution File, Format Version 12.00
# Visual Studio Version 16
VisualStudioVersion = 16.0.32413.511
MinimumVisualStudioVersion = 10.0.40219.1
Project("{FAE04EC0-301F-11D3-BF4B-00C04F79EFBC}") = "O-Solucion", "O-Solucion.csproj", "{CAAA673E-4713-44F1-8C48-CB2BBB4C9EF3}"
EndProject
Global
	GlobalSection(SolutionConfigurationPlatforms) = preSolution
		Debug|Any CPU = Debug|Any CPU
		Release|Any CPU = Release|Any CPU
	EndGlobalSection
	GlobalSection(ProjectConfigurationPlatforms) = postSolution
		{CAAA673E-4713-44F1-8C48-CB2BBB4C9EF3}.Debug|Any CPU.ActiveCfg = Debug|Any CPU
		{CAAA673E-4713-44F1-8C48-CB2BBB4C9EF3}.Debug|Any CPU.Build.0 = Debug|Any CPU
		{CAAA673E-4713-44F1-8C48-CB2BBB4C9EF3}.Release|Any CPU.ActiveCfg = Release|Any CPU
		{CAAA673E-4713-44F1-8C48-CB2BBB4C9EF3}.Release|Any CPU.Build.0 = Release|Any CPU
	EndGlobalSection
	GlobalSection(SolutionProperties) = preSolution
		HideSolutionNode = FALSE
	EndGlobalSection
	GlobalSection(ExtensibilityGlobals) = postSolution
		SolutionGuid = {340D0264-5D32-4568-BF5B-DC794B9A2680}
	EndGlobalSection
EndGlobal
