
Microsoft Visual Studio Solution File, Format Version 12.00
# Visual Studio Version 16
VisualStudioVersion = 16.0.32413.511
MinimumVisualStudioVersion = 10.0.40219.1
Project("{FAE04EC0-301F-11D3-BF4B-00C04F79EFBC}") = "L-Problema", "L-Problema.csproj", "{D39959B4-651F-47CA-82D2-A43113002B41}"
EndProject
Global
	GlobalSection(SolutionConfigurationPlatforms) = preSolution
		Debug|Any CPU = Debug|Any CPU
		Release|Any CPU = Release|Any CPU
	EndGlobalSection
	GlobalSection(ProjectConfigurationPlatforms) = postSolution
		{D39959B4-651F-47CA-82D2-A43113002B41}.Debug|Any CPU.ActiveCfg = Debug|Any CPU
		{D39959B4-651F-47CA-82D2-A43113002B41}.Debug|Any CPU.Build.0 = Debug|Any CPU
		{D39959B4-651F-47CA-82D2-A43113002B41}.Release|Any CPU.ActiveCfg = Release|Any CPU
		{D39959B4-651F-47CA-82D2-A43113002B41}.Release|Any CPU.Build.0 = Release|Any CPU
	EndGlobalSection
	GlobalSection(SolutionProperties) = preSolution
		HideSolutionNode = FALSE
	EndGlobalSection
	GlobalSection(ExtensibilityGlobals) = postSolution
		SolutionGuid = {A6DC2154-8A59-4623-BCFE-4292F2313EED}
	EndGlobalSection
EndGlobal
